
Microsoft Visual Studio Solution File, Format Version 12.00
# Visual Studio Version 17
VisualStudioVersion = 17.0.31903.59
MinimumVisualStudioVersion = 10.0.40219.1
Project("{2150E333-8FDC-42A3-9474-1A3956D46DE8}") = "src", "src", "{827E0CD3-B72D-47B6-A68D-7590B98EB39B}"
EndProject
Project("{FAE04EC0-301F-11D3-BF4B-00C04F79EFBC}") = "SharedKernel", "src\SharedKernel\SharedKernel.csproj", "{2E89F57E-7DB1-441F-9CB8-661B2ED05235}"
EndProject
Project("{FAE04EC0-301F-11D3-BF4B-00C04F79EFBC}") = "Domain", "src\Domain\Domain.csproj", "{EC393620-4FF7-4863-AD73-623AD87BAC3D}"
EndProject
Project("{FAE04EC0-301F-11D3-BF4B-00C04F79EFBC}") = "Application", "src\Application\Application.csproj", "{DFD2EC16-0BC8-46CF-AE29-BD7B7B4E141E}"
EndProject
Project("{FAE04EC0-301F-11D3-BF4B-00C04F79EFBC}") = "Infra", "src\Infra\Infra.csproj", "{1E92C992-9064-4FD2-AE3A-5835FD4B9AC2}"
EndProject
Project("{FAE04EC0-301F-11D3-BF4B-00C04F79EFBC}") = "Domain.UnitTests", "tests\Domain.UnitTests\Domain.UnitTests.csproj", "{5B376873-1837-4787-9C28-208E7899F89B}"
EndProject
Project("{FAE04EC0-301F-11D3-BF4B-00C04F79EFBC}") = "Application.UnitTests", "tests\Application.UnitTests\Application.UnitTests.csproj", "{0588EA8F-5C3A-45F3-8F20-3CD5C4FD2E47}"
EndProject
Project("{FAE04EC0-301F-11D3-BF4B-00C04F79EFBC}") = "Web.API.IntegrationTests", "tests\Web.API.IntegrationTests\Web.API.IntegrationTests.csproj", "{5B2BDDC7-969A-47CF-8C99-490B70B3CB45}"
EndProject
Project("{2150E333-8FDC-42A3-9474-1A3956D46DE8}") = "EntryPoints", "EntryPoints", "{24D47E9F-6DB5-8468-2AED-70AAD9E5BA33}"
EndProject
Project("{FAE04EC0-301F-11D3-BF4B-00C04F79EFBC}") = "Web.API", "src\EntryPoints\Web.API\Web.API.csproj", "{34C56002-93D5-4744-AC98-6DEEB5C4ACDE}"
EndProject
Project("{FAE04EC0-301F-11D3-BF4B-00C04F79EFBC}") = "Worker", "src\EntryPoints\Worker\Worker.csproj", "{08CBE4A1-F309-493A-8070-FF71FDD73938}"
EndProject
Project("{FAE04EC0-301F-11D3-BF4B-00C04F79EFBC}") = "CronJobs", "src\EntryPoints\CronJobs\CronJobs.csproj", "{171DC2AC-4726-4995-B617-1AC53B24DCB1}"
EndProject
Project("{FAE04EC0-301F-11D3-BF4B-00C04F79EFBC}") = "Web.Blazor", "src\EntryPoints\Web.Blazor\Web.Blazor.csproj", "{861FA923-60D2-437A-BF7C-35DF643A00BE}"
EndProject
Project("{FAE04EC0-301F-11D3-BF4B-00C04F79EFBC}") = "Auth.Domain", "src\Auth.Domain\Auth.Domain.csproj", "{2C0096D7-08EF-434D-9827-A5778C5ACD0F}"
EndProject
Project("{FAE04EC0-301F-11D3-BF4B-00C04F79EFBC}") = "Auth.Application", "src\Auth.Application\Auth.Application.csproj", "{03D7CC0A-93A7-42B0-8538-184291B9E49E}"
EndProject
Project("{FAE04EC0-301F-11D3-BF4B-00C04F79EFBC}") = "Auth.Infra", "src\Auth.Infra\Auth.Infra.csproj", "{876464B6-A375-4259-BFB3-14F9C2F27F9B}"
EndProject
Project("{FAE04EC0-301F-11D3-BF4B-00C04F79EFBC}") = "Auth.API", "src\EntryPoints\Auth.API\Auth.API.csproj", "{20586EDD-839F-4655-83E6-62E2081DBF8F}"
EndProject
Project("{2150E333-8FDC-42A3-9474-1A3956D46DE8}") = "tests", "tests", "{0AB3BF05-4346-4AA6-1389-037BE0695223}"
EndProject
Project("{FAE04EC0-301F-11D3-BF4B-00C04F79EFBC}") = "Auth.Domain.UnitTests", "tests\Auth.Domain.UnitTests\Auth.Domain.UnitTests.csproj", "{336C7A96-744C-46D4-8112-15411635CA02}"
EndProject
Project("{FAE04EC0-301F-11D3-BF4B-00C04F79EFBC}") = "Auth.Application.UnitTests", "tests\Auth.Application.UnitTests\Auth.Application.UnitTests.csproj", "{DDEBB2C0-BAED-4138-8543-E6DD7153D1FB}"
EndProject
Project("{FAE04EC0-301F-11D3-BF4B-00C04F79EFBC}") = "Auth.API.IntegrationTests", "tests\Auth.API.IntegrationTests\Auth.API.IntegrationTests.csproj", "{093904AA-369F-4CAF-9010-17FD4A96F517}"
EndProject
Project("{FAE04EC0-301F-11D3-BF4B-00C04F79EFBC}") = "Gateway", "src\EntryPoints\Gateway\Gateway.csproj", "{46175DA8-2012-494D-9044-E2A95172EBC9}"
EndProject
Project("{FAE04EC0-301F-11D3-BF4B-00C04F79EFBC}") = "Gateway.IntegrationTests", "tests\Gateway.IntegrationTests\Gateway.IntegrationTests.csproj", "{53FF31BA-E326-4BC6-B556-6926B8E4BF69}"
EndProject
Project("{FAE04EC0-301F-11D3-BF4B-00C04F79EFBC}") = "Web.Blazor.IntegrationTests", "tests\Web.Blazor.IntegrationTests\Web.Blazor.IntegrationTests.csproj", "{74D21D98-EDD2-4329-9A5D-FD5748C455AC}"
EndProject
Global
	GlobalSection(SolutionConfigurationPlatforms) = preSolution
		Debug|Any CPU = Debug|Any CPU
		Debug|x64 = Debug|x64
		Debug|x86 = Debug|x86
		Release|Any CPU = Release|Any CPU
		Release|x64 = Release|x64
		Release|x86 = Release|x86
	EndGlobalSection
	GlobalSection(ProjectConfigurationPlatforms) = postSolution
		{2E89F57E-7DB1-441F-9CB8-661B2ED05235}.Debug|Any CPU.ActiveCfg = Debug|Any CPU
		{2E89F57E-7DB1-441F-9CB8-661B2ED05235}.Debug|Any CPU.Build.0 = Debug|Any CPU
		{2E89F57E-7DB1-441F-9CB8-661B2ED05235}.Debug|x64.ActiveCfg = Debug|Any CPU
		{2E89F57E-7DB1-441F-9CB8-661B2ED05235}.Debug|x64.Build.0 = Debug|Any CPU
		{2E89F57E-7DB1-441F-9CB8-661B2ED05235}.Debug|x86.ActiveCfg = Debug|Any CPU
		{2E89F57E-7DB1-441F-9CB8-661B2ED05235}.Debug|x86.Build.0 = Debug|Any CPU
		{2E89F57E-7DB1-441F-9CB8-661B2ED05235}.Release|Any CPU.ActiveCfg = Release|Any CPU
		{2E89F57E-7DB1-441F-9CB8-661B2ED05235}.Release|Any CPU.Build.0 = Release|Any CPU
		{2E89F57E-7DB1-441F-9CB8-661B2ED05235}.Release|x64.ActiveCfg = Release|Any CPU
		{2E89F57E-7DB1-441F-9CB8-661B2ED05235}.Release|x64.Build.0 = Release|Any CPU
		{2E89F57E-7DB1-441F-9CB8-661B2ED05235}.Release|x86.ActiveCfg = Release|Any CPU
		{2E89F57E-7DB1-441F-9CB8-661B2ED05235}.Release|x86.Build.0 = Release|Any CPU
		{EC393620-4FF7-4863-AD73-623AD87BAC3D}.Debug|Any CPU.ActiveCfg = Debug|Any CPU
		{EC393620-4FF7-4863-AD73-623AD87BAC3D}.Debug|Any CPU.Build.0 = Debug|Any CPU
		{EC393620-4FF7-4863-AD73-623AD87BAC3D}.Debug|x64.ActiveCfg = Debug|Any CPU
		{EC393620-4FF7-4863-AD73-623AD87BAC3D}.Debug|x64.Build.0 = Debug|Any CPU
		{EC393620-4FF7-4863-AD73-623AD87BAC3D}.Debug|x86.ActiveCfg = Debug|Any CPU
		{EC393620-4FF7-4863-AD73-623AD87BAC3D}.Debug|x86.Build.0 = Debug|Any CPU
		{EC393620-4FF7-4863-AD73-623AD87BAC3D}.Release|Any CPU.ActiveCfg = Release|Any CPU
		{EC393620-4FF7-4863-AD73-623AD87BAC3D}.Release|Any CPU.Build.0 = Release|Any CPU
		{EC393620-4FF7-4863-AD73-623AD87BAC3D}.Release|x64.ActiveCfg = Release|Any CPU
		{EC393620-4FF7-4863-AD73-623AD87BAC3D}.Release|x64.Build.0 = Release|Any CPU
		{EC393620-4FF7-4863-AD73-623AD87BAC3D}.Release|x86.ActiveCfg = Release|Any CPU
		{EC393620-4FF7-4863-AD73-623AD87BAC3D}.Release|x86.Build.0 = Release|Any CPU
		{DFD2EC16-0BC8-46CF-AE29-BD7B7B4E141E}.Debug|Any CPU.ActiveCfg = Debug|Any CPU
		{DFD2EC16-0BC8-46CF-AE29-BD7B7B4E141E}.Debug|Any CPU.Build.0 = Debug|Any CPU
		{DFD2EC16-0BC8-46CF-AE29-BD7B7B4E141E}.Debug|x64.ActiveCfg = Debug|Any CPU
		{DFD2EC16-0BC8-46CF-AE29-BD7B7B4E141E}.Debug|x64.Build.0 = Debug|Any CPU
		{DFD2EC16-0BC8-46CF-AE29-BD7B7B4E141E}.Debug|x86.ActiveCfg = Debug|Any CPU
		{DFD2EC16-0BC8-46CF-AE29-BD7B7B4E141E}.Debug|x86.Build.0 = Debug|Any CPU
		{DFD2EC16-0BC8-46CF-AE29-BD7B7B4E141E}.Release|Any CPU.ActiveCfg = Release|Any CPU
		{DFD2EC16-0BC8-46CF-AE29-BD7B7B4E141E}.Release|Any CPU.Build.0 = Release|Any CPU
		{DFD2EC16-0BC8-46CF-AE29-BD7B7B4E141E}.Release|x64.ActiveCfg = Release|Any CPU
		{DFD2EC16-0BC8-46CF-AE29-BD7B7B4E141E}.Release|x64.Build.0 = Release|Any CPU
		{DFD2EC16-0BC8-46CF-AE29-BD7B7B4E141E}.Release|x86.ActiveCfg = Release|Any CPU
		{DFD2EC16-0BC8-46CF-AE29-BD7B7B4E141E}.Release|x86.Build.0 = Release|Any CPU
		{1E92C992-9064-4FD2-AE3A-5835FD4B9AC2}.Debug|Any CPU.ActiveCfg = Debug|Any CPU
		{1E92C992-9064-4FD2-AE3A-5835FD4B9AC2}.Debug|Any CPU.Build.0 = Debug|Any CPU
		{1E92C992-9064-4FD2-AE3A-5835FD4B9AC2}.Debug|x64.ActiveCfg = Debug|Any CPU
		{1E92C992-9064-4FD2-AE3A-5835FD4B9AC2}.Debug|x64.Build.0 = Debug|Any CPU
		{1E92C992-9064-4FD2-AE3A-5835FD4B9AC2}.Debug|x86.ActiveCfg = Debug|Any CPU
		{1E92C992-9064-4FD2-AE3A-5835FD4B9AC2}.Debug|x86.Build.0 = Debug|Any CPU
		{1E92C992-9064-4FD2-AE3A-5835FD4B9AC2}.Release|Any CPU.ActiveCfg = Release|Any CPU
		{1E92C992-9064-4FD2-AE3A-5835FD4B9AC2}.Release|Any CPU.Build.0 = Release|Any CPU
		{1E92C992-9064-4FD2-AE3A-5835FD4B9AC2}.Release|x64.ActiveCfg = Release|Any CPU
		{1E92C992-9064-4FD2-AE3A-5835FD4B9AC2}.Release|x64.Build.0 = Release|Any CPU
		{1E92C992-9064-4FD2-AE3A-5835FD4B9AC2}.Release|x86.ActiveCfg = Release|Any CPU
		{1E92C992-9064-4FD2-AE3A-5835FD4B9AC2}.Release|x86.Build.0 = Release|Any CPU
		{5B376873-1837-4787-9C28-208E7899F89B}.Debug|Any CPU.ActiveCfg = Debug|Any CPU
		{5B376873-1837-4787-9C28-208E7899F89B}.Debug|Any CPU.Build.0 = Debug|Any CPU
		{5B376873-1837-4787-9C28-208E7899F89B}.Debug|x64.ActiveCfg = Debug|Any CPU
		{5B376873-1837-4787-9C28-208E7899F89B}.Debug|x64.Build.0 = Debug|Any CPU
		{5B376873-1837-4787-9C28-208E7899F89B}.Debug|x86.ActiveCfg = Debug|Any CPU
		{5B376873-1837-4787-9C28-208E7899F89B}.Debug|x86.Build.0 = Debug|Any CPU
		{5B376873-1837-4787-9C28-208E7899F89B}.Release|Any CPU.ActiveCfg = Release|Any CPU
		{5B376873-1837-4787-9C28-208E7899F89B}.Release|Any CPU.Build.0 = Release|Any CPU
		{5B376873-1837-4787-9C28-208E7899F89B}.Release|x64.ActiveCfg = Release|Any CPU
		{5B376873-1837-4787-9C28-208E7899F89B}.Release|x64.Build.0 = Release|Any CPU
		{5B376873-1837-4787-9C28-208E7899F89B}.Release|x86.ActiveCfg = Release|Any CPU
		{5B376873-1837-4787-9C28-208E7899F89B}.Release|x86.Build.0 = Release|Any CPU
		{0588EA8F-5C3A-45F3-8F20-3CD5C4FD2E47}.Debug|Any CPU.ActiveCfg = Debug|Any CPU
		{0588EA8F-5C3A-45F3-8F20-3CD5C4FD2E47}.Debug|Any CPU.Build.0 = Debug|Any CPU
		{0588EA8F-5C3A-45F3-8F20-3CD5C4FD2E47}.Debug|x64.ActiveCfg = Debug|Any CPU
		{0588EA8F-5C3A-45F3-8F20-3CD5C4FD2E47}.Debug|x64.Build.0 = Debug|Any CPU
		{0588EA8F-5C3A-45F3-8F20-3CD5C4FD2E47}.Debug|x86.ActiveCfg = Debug|Any CPU
		{0588EA8F-5C3A-45F3-8F20-3CD5C4FD2E47}.Debug|x86.Build.0 = Debug|Any CPU
		{0588EA8F-5C3A-45F3-8F20-3CD5C4FD2E47}.Release|Any CPU.ActiveCfg = Release|Any CPU
		{0588EA8F-5C3A-45F3-8F20-3CD5C4FD2E47}.Release|Any CPU.Build.0 = Release|Any CPU
		{0588EA8F-5C3A-45F3-8F20-3CD5C4FD2E47}.Release|x64.ActiveCfg = Release|Any CPU
		{0588EA8F-5C3A-45F3-8F20-3CD5C4FD2E47}.Release|x64.Build.0 = Release|Any CPU
		{0588EA8F-5C3A-45F3-8F20-3CD5C4FD2E47}.Release|x86.ActiveCfg = Release|Any CPU
		{0588EA8F-5C3A-45F3-8F20-3CD5C4FD2E47}.Release|x86.Build.0 = Release|Any CPU
		{5B2BDDC7-969A-47CF-8C99-490B70B3CB45}.Debug|Any CPU.ActiveCfg = Debug|Any CPU
		{5B2BDDC7-969A-47CF-8C99-490B70B3CB45}.Debug|Any CPU.Build.0 = Debug|Any CPU
		{5B2BDDC7-969A-47CF-8C99-490B70B3CB45}.Debug|x64.ActiveCfg = Debug|Any CPU
		{5B2BDDC7-969A-47CF-8C99-490B70B3CB45}.Debug|x64.Build.0 = Debug|Any CPU
		{5B2BDDC7-969A-47CF-8C99-490B70B3CB45}.Debug|x86.ActiveCfg = Debug|Any CPU
		{5B2BDDC7-969A-47CF-8C99-490B70B3CB45}.Debug|x86.Build.0 = Debug|Any CPU
		{5B2BDDC7-969A-47CF-8C99-490B70B3CB45}.Release|Any CPU.ActiveCfg = Release|Any CPU
		{5B2BDDC7-969A-47CF-8C99-490B70B3CB45}.Release|Any CPU.Build.0 = Release|Any CPU
		{5B2BDDC7-969A-47CF-8C99-490B70B3CB45}.Release|x64.ActiveCfg = Release|Any CPU
		{5B2BDDC7-969A-47CF-8C99-490B70B3CB45}.Release|x64.Build.0 = Release|Any CPU
		{5B2BDDC7-969A-47CF-8C99-490B70B3CB45}.Release|x86.ActiveCfg = Release|Any CPU
		{5B2BDDC7-969A-47CF-8C99-490B70B3CB45}.Release|x86.Build.0 = Release|Any CPU
		{34C56002-93D5-4744-AC98-6DEEB5C4ACDE}.Debug|Any CPU.ActiveCfg = Debug|Any CPU
		{34C56002-93D5-4744-AC98-6DEEB5C4ACDE}.Debug|Any CPU.Build.0 = Debug|Any CPU
		{34C56002-93D5-4744-AC98-6DEEB5C4ACDE}.Debug|x64.ActiveCfg = Debug|Any CPU
		{34C56002-93D5-4744-AC98-6DEEB5C4ACDE}.Debug|x64.Build.0 = Debug|Any CPU
		{34C56002-93D5-4744-AC98-6DEEB5C4ACDE}.Debug|x86.ActiveCfg = Debug|Any CPU
		{34C56002-93D5-4744-AC98-6DEEB5C4ACDE}.Debug|x86.Build.0 = Debug|Any CPU
		{34C56002-93D5-4744-AC98-6DEEB5C4ACDE}.Release|Any CPU.ActiveCfg = Release|Any CPU
		{34C56002-93D5-4744-AC98-6DEEB5C4ACDE}.Release|Any CPU.Build.0 = Release|Any CPU
		{34C56002-93D5-4744-AC98-6DEEB5C4ACDE}.Release|x64.ActiveCfg = Release|Any CPU
		{34C56002-93D5-4744-AC98-6DEEB5C4ACDE}.Release|x64.Build.0 = Release|Any CPU
		{34C56002-93D5-4744-AC98-6DEEB5C4ACDE}.Release|x86.ActiveCfg = Release|Any CPU
		{34C56002-93D5-4744-AC98-6DEEB5C4ACDE}.Release|x86.Build.0 = Release|Any CPU
		{08CBE4A1-F309-493A-8070-FF71FDD73938}.Debug|Any CPU.ActiveCfg = Debug|Any CPU
		{08CBE4A1-F309-493A-8070-FF71FDD73938}.Debug|Any CPU.Build.0 = Debug|Any CPU
		{08CBE4A1-F309-493A-8070-FF71FDD73938}.Debug|x64.ActiveCfg = Debug|Any CPU
		{08CBE4A1-F309-493A-8070-FF71FDD73938}.Debug|x64.Build.0 = Debug|Any CPU
		{08CBE4A1-F309-493A-8070-FF71FDD73938}.Debug|x86.ActiveCfg = Debug|Any CPU
		{08CBE4A1-F309-493A-8070-FF71FDD73938}.Debug|x86.Build.0 = Debug|Any CPU
		{08CBE4A1-F309-493A-8070-FF71FDD73938}.Release|Any CPU.ActiveCfg = Release|Any CPU
		{08CBE4A1-F309-493A-8070-FF71FDD73938}.Release|Any CPU.Build.0 = Release|Any CPU
		{08CBE4A1-F309-493A-8070-FF71FDD73938}.Release|x64.ActiveCfg = Release|Any CPU
		{08CBE4A1-F309-493A-8070-FF71FDD73938}.Release|x64.Build.0 = Release|Any CPU
		{08CBE4A1-F309-493A-8070-FF71FDD73938}.Release|x86.ActiveCfg = Release|Any CPU
		{08CBE4A1-F309-493A-8070-FF71FDD73938}.Release|x86.Build.0 = Release|Any CPU
		{171DC2AC-4726-4995-B617-1AC53B24DCB1}.Debug|Any CPU.ActiveCfg = Debug|Any CPU
		{171DC2AC-4726-4995-B617-1AC53B24DCB1}.Debug|Any CPU.Build.0 = Debug|Any CPU
		{171DC2AC-4726-4995-B617-1AC53B24DCB1}.Debug|x64.ActiveCfg = Debug|Any CPU
		{171DC2AC-4726-4995-B617-1AC53B24DCB1}.Debug|x64.Build.0 = Debug|Any CPU
		{171DC2AC-4726-4995-B617-1AC53B24DCB1}.Debug|x86.ActiveCfg = Debug|Any CPU
		{171DC2AC-4726-4995-B617-1AC53B24DCB1}.Debug|x86.Build.0 = Debug|Any CPU
		{171DC2AC-4726-4995-B617-1AC53B24DCB1}.Release|Any CPU.ActiveCfg = Release|Any CPU
		{171DC2AC-4726-4995-B617-1AC53B24DCB1}.Release|Any CPU.Build.0 = Release|Any CPU
		{171DC2AC-4726-4995-B617-1AC53B24DCB1}.Release|x64.ActiveCfg = Release|Any CPU
		{171DC2AC-4726-4995-B617-1AC53B24DCB1}.Release|x64.Build.0 = Release|Any CPU
		{171DC2AC-4726-4995-B617-1AC53B24DCB1}.Release|x86.ActiveCfg = Release|Any CPU
		{171DC2AC-4726-4995-B617-1AC53B24DCB1}.Release|x86.Build.0 = Release|Any CPU
		{861FA923-60D2-437A-BF7C-35DF643A00BE}.Debug|Any CPU.ActiveCfg = Debug|Any CPU
		{861FA923-60D2-437A-BF7C-35DF643A00BE}.Debug|Any CPU.Build.0 = Debug|Any CPU
		{861FA923-60D2-437A-BF7C-35DF643A00BE}.Debug|x64.ActiveCfg = Debug|Any CPU
		{861FA923-60D2-437A-BF7C-35DF643A00BE}.Debug|x64.Build.0 = Debug|Any CPU
		{861FA923-60D2-437A-BF7C-35DF643A00BE}.Debug|x86.ActiveCfg = Debug|Any CPU
		{861FA923-60D2-437A-BF7C-35DF643A00BE}.Debug|x86.Build.0 = Debug|Any CPU
		{861FA923-60D2-437A-BF7C-35DF643A00BE}.Release|Any CPU.ActiveCfg = Release|Any CPU
		{861FA923-60D2-437A-BF7C-35DF643A00BE}.Release|Any CPU.Build.0 = Release|Any CPU
		{861FA923-60D2-437A-BF7C-35DF643A00BE}.Release|x64.ActiveCfg = Release|Any CPU
		{861FA923-60D2-437A-BF7C-35DF643A00BE}.Release|x64.Build.0 = Release|Any CPU
		{861FA923-60D2-437A-BF7C-35DF643A00BE}.Release|x86.ActiveCfg = Release|Any CPU
		{861FA923-60D2-437A-BF7C-35DF643A00BE}.Release|x86.Build.0 = Release|Any CPU
		{2C0096D7-08EF-434D-9827-A5778C5ACD0F}.Debug|Any CPU.ActiveCfg = Debug|Any CPU
		{2C0096D7-08EF-434D-9827-A5778C5ACD0F}.Debug|Any CPU.Build.0 = Debug|Any CPU
		{2C0096D7-08EF-434D-9827-A5778C5ACD0F}.Debug|x64.ActiveCfg = Debug|Any CPU
		{2C0096D7-08EF-434D-9827-A5778C5ACD0F}.Debug|x64.Build.0 = Debug|Any CPU
		{2C0096D7-08EF-434D-9827-A5778C5ACD0F}.Debug|x86.ActiveCfg = Debug|Any CPU
		{2C0096D7-08EF-434D-9827-A5778C5ACD0F}.Debug|x86.Build.0 = Debug|Any CPU
		{2C0096D7-08EF-434D-9827-A5778C5ACD0F}.Release|Any CPU.ActiveCfg = Release|Any CPU
		{2C0096D7-08EF-434D-9827-A5778C5ACD0F}.Release|Any CPU.Build.0 = Release|Any CPU
		{2C0096D7-08EF-434D-9827-A5778C5ACD0F}.Release|x64.ActiveCfg = Release|Any CPU
		{2C0096D7-08EF-434D-9827-A5778C5ACD0F}.Release|x64.Build.0 = Release|Any CPU
		{2C0096D7-08EF-434D-9827-A5778C5ACD0F}.Release|x86.ActiveCfg = Release|Any CPU
		{2C0096D7-08EF-434D-9827-A5778C5ACD0F}.Release|x86.Build.0 = Release|Any CPU
		{03D7CC0A-93A7-42B0-8538-184291B9E49E}.Debug|Any CPU.ActiveCfg = Debug|Any CPU
		{03D7CC0A-93A7-42B0-8538-184291B9E49E}.Debug|Any CPU.Build.0 = Debug|Any CPU
		{03D7CC0A-93A7-42B0-8538-184291B9E49E}.Debug|x64.ActiveCfg = Debug|Any CPU
		{03D7CC0A-93A7-42B0-8538-184291B9E49E}.Debug|x64.Build.0 = Debug|Any CPU
		{03D7CC0A-93A7-42B0-8538-184291B9E49E}.Debug|x86.ActiveCfg = Debug|Any CPU
		{03D7CC0A-93A7-42B0-8538-184291B9E49E}.Debug|x86.Build.0 = Debug|Any CPU
		{03D7CC0A-93A7-42B0-8538-184291B9E49E}.Release|Any CPU.ActiveCfg = Release|Any CPU
		{03D7CC0A-93A7-42B0-8538-184291B9E49E}.Release|Any CPU.Build.0 = Release|Any CPU
		{03D7CC0A-93A7-42B0-8538-184291B9E49E}.Release|x64.ActiveCfg = Release|Any CPU
		{03D7CC0A-93A7-42B0-8538-184291B9E49E}.Release|x64.Build.0 = Release|Any CPU
		{03D7CC0A-93A7-42B0-8538-184291B9E49E}.Release|x86.ActiveCfg = Release|Any CPU
		{03D7CC0A-93A7-42B0-8538-184291B9E49E}.Release|x86.Build.0 = Release|Any CPU
		{876464B6-A375-4259-BFB3-14F9C2F27F9B}.Debug|Any CPU.ActiveCfg = Debug|Any CPU
		{876464B6-A375-4259-BFB3-14F9C2F27F9B}.Debug|Any CPU.Build.0 = Debug|Any CPU
		{876464B6-A375-4259-BFB3-14F9C2F27F9B}.Debug|x64.ActiveCfg = Debug|Any CPU
		{876464B6-A375-4259-BFB3-14F9C2F27F9B}.Debug|x64.Build.0 = Debug|Any CPU
		{876464B6-A375-4259-BFB3-14F9C2F27F9B}.Debug|x86.ActiveCfg = Debug|Any CPU
		{876464B6-A375-4259-BFB3-14F9C2F27F9B}.Debug|x86.Build.0 = Debug|Any CPU
		{876464B6-A375-4259-BFB3-14F9C2F27F9B}.Release|Any CPU.ActiveCfg = Release|Any CPU
		{876464B6-A375-4259-BFB3-14F9C2F27F9B}.Release|Any CPU.Build.0 = Release|Any CPU
		{876464B6-A375-4259-BFB3-14F9C2F27F9B}.Release|x64.ActiveCfg = Release|Any CPU
		{876464B6-A375-4259-BFB3-14F9C2F27F9B}.Release|x64.Build.0 = Release|Any CPU
		{876464B6-A375-4259-BFB3-14F9C2F27F9B}.Release|x86.ActiveCfg = Release|Any CPU
		{876464B6-A375-4259-BFB3-14F9C2F27F9B}.Release|x86.Build.0 = Release|Any CPU
		{20586EDD-839F-4655-83E6-62E2081DBF8F}.Debug|Any CPU.ActiveCfg = Debug|Any CPU
		{20586EDD-839F-4655-83E6-62E2081DBF8F}.Debug|Any CPU.Build.0 = Debug|Any CPU
		{20586EDD-839F-4655-83E6-62E2081DBF8F}.Debug|x64.ActiveCfg = Debug|Any CPU
		{20586EDD-839F-4655-83E6-62E2081DBF8F}.Debug|x64.Build.0 = Debug|Any CPU
		{20586EDD-839F-4655-83E6-62E2081DBF8F}.Debug|x86.ActiveCfg = Debug|Any CPU
		{20586EDD-839F-4655-83E6-62E2081DBF8F}.Debug|x86.Build.0 = Debug|Any CPU
		{20586EDD-839F-4655-83E6-62E2081DBF8F}.Release|Any CPU.ActiveCfg = Release|Any CPU
		{20586EDD-839F-4655-83E6-62E2081DBF8F}.Release|Any CPU.Build.0 = Release|Any CPU
		{20586EDD-839F-4655-83E6-62E2081DBF8F}.Release|x64.ActiveCfg = Release|Any CPU
		{20586EDD-839F-4655-83E6-62E2081DBF8F}.Release|x64.Build.0 = Release|Any CPU
		{20586EDD-839F-4655-83E6-62E2081DBF8F}.Release|x86.ActiveCfg = Release|Any CPU
		{20586EDD-839F-4655-83E6-62E2081DBF8F}.Release|x86.Build.0 = Release|Any CPU
		{336C7A96-744C-46D4-8112-15411635CA02}.Debug|Any CPU.ActiveCfg = Debug|Any CPU
		{336C7A96-744C-46D4-8112-15411635CA02}.Debug|Any CPU.Build.0 = Debug|Any CPU
		{336C7A96-744C-46D4-8112-15411635CA02}.Debug|x64.ActiveCfg = Debug|Any CPU
		{336C7A96-744C-46D4-8112-15411635CA02}.Debug|x64.Build.0 = Debug|Any CPU
		{336C7A96-744C-46D4-8112-15411635CA02}.Debug|x86.ActiveCfg = Debug|Any CPU
		{336C7A96-744C-46D4-8112-15411635CA02}.Debug|x86.Build.0 = Debug|Any CPU
		{336C7A96-744C-46D4-8112-15411635CA02}.Release|Any CPU.ActiveCfg = Release|Any CPU
		{336C7A96-744C-46D4-8112-15411635CA02}.Release|Any CPU.Build.0 = Release|Any CPU
		{336C7A96-744C-46D4-8112-15411635CA02}.Release|x64.ActiveCfg = Release|Any CPU
		{336C7A96-744C-46D4-8112-15411635CA02}.Release|x64.Build.0 = Release|Any CPU
		{336C7A96-744C-46D4-8112-15411635CA02}.Release|x86.ActiveCfg = Release|Any CPU
		{336C7A96-744C-46D4-8112-15411635CA02}.Release|x86.Build.0 = Release|Any CPU
		{DDEBB2C0-BAED-4138-8543-E6DD7153D1FB}.Debug|Any CPU.ActiveCfg = Debug|Any CPU
		{DDEBB2C0-BAED-4138-8543-E6DD7153D1FB}.Debug|Any CPU.Build.0 = Debug|Any CPU
		{DDEBB2C0-BAED-4138-8543-E6DD7153D1FB}.Debug|x64.ActiveCfg = Debug|Any CPU
		{DDEBB2C0-BAED-4138-8543-E6DD7153D1FB}.Debug|x64.Build.0 = Debug|Any CPU
		{DDEBB2C0-BAED-4138-8543-E6DD7153D1FB}.Debug|x86.ActiveCfg = Debug|Any CPU
		{DDEBB2C0-BAED-4138-8543-E6DD7153D1FB}.Debug|x86.Build.0 = Debug|Any CPU
		{DDEBB2C0-BAED-4138-8543-E6DD7153D1FB}.Release|Any CPU.ActiveCfg = Release|Any CPU
		{DDEBB2C0-BAED-4138-8543-E6DD7153D1FB}.Release|Any CPU.Build.0 = Release|Any CPU
		{DDEBB2C0-BAED-4138-8543-E6DD7153D1FB}.Release|x64.ActiveCfg = Release|Any CPU
		{DDEBB2C0-BAED-4138-8543-E6DD7153D1FB}.Release|x64.Build.0 = Release|Any CPU
		{DDEBB2C0-BAED-4138-8543-E6DD7153D1FB}.Release|x86.ActiveCfg = Release|Any CPU
		{DDEBB2C0-BAED-4138-8543-E6DD7153D1FB}.Release|x86.Build.0 = Release|Any CPU
		{093904AA-369F-4CAF-9010-17FD4A96F517}.Debug|Any CPU.ActiveCfg = Debug|Any CPU
		{093904AA-369F-4CAF-9010-17FD4A96F517}.Debug|Any CPU.Build.0 = Debug|Any CPU
		{093904AA-369F-4CAF-9010-17FD4A96F517}.Debug|x64.ActiveCfg = Debug|Any CPU
		{093904AA-369F-4CAF-9010-17FD4A96F517}.Debug|x64.Build.0 = Debug|Any CPU
		{093904AA-369F-4CAF-9010-17FD4A96F517}.Debug|x86.ActiveCfg = Debug|Any CPU
		{093904AA-369F-4CAF-9010-17FD4A96F517}.Debug|x86.Build.0 = Debug|Any CPU
		{093904AA-369F-4CAF-9010-17FD4A96F517}.Release|Any CPU.ActiveCfg = Release|Any CPU
		{093904AA-369F-4CAF-9010-17FD4A96F517}.Release|Any CPU.Build.0 = Release|Any CPU
		{093904AA-369F-4CAF-9010-17FD4A96F517}.Release|x64.ActiveCfg = Release|Any CPU
		{093904AA-369F-4CAF-9010-17FD4A96F517}.Release|x64.Build.0 = Release|Any CPU
		{093904AA-369F-4CAF-9010-17FD4A96F517}.Release|x86.ActiveCfg = Release|Any CPU
		{093904AA-369F-4CAF-9010-17FD4A96F517}.Release|x86.Build.0 = Release|Any CPU
		{46175DA8-2012-494D-9044-E2A95172EBC9}.Debug|Any CPU.ActiveCfg = Debug|Any CPU
		{46175DA8-2012-494D-9044-E2A95172EBC9}.Debug|Any CPU.Build.0 = Debug|Any CPU
		{46175DA8-2012-494D-9044-E2A95172EBC9}.Debug|x64.ActiveCfg = Debug|Any CPU
		{46175DA8-2012-494D-9044-E2A95172EBC9}.Debug|x64.Build.0 = Debug|Any CPU
		{46175DA8-2012-494D-9044-E2A95172EBC9}.Debug|x86.ActiveCfg = Debug|Any CPU
		{46175DA8-2012-494D-9044-E2A95172EBC9}.Debug|x86.Build.0 = Debug|Any CPU
		{46175DA8-2012-494D-9044-E2A95172EBC9}.Release|Any CPU.ActiveCfg = Release|Any CPU
		{46175DA8-2012-494D-9044-E2A95172EBC9}.Release|Any CPU.Build.0 = Release|Any CPU
		{46175DA8-2012-494D-9044-E2A95172EBC9}.Release|x64.ActiveCfg = Release|Any CPU
		{46175DA8-2012-494D-9044-E2A95172EBC9}.Release|x64.Build.0 = Release|Any CPU
		{46175DA8-2012-494D-9044-E2A95172EBC9}.Release|x86.ActiveCfg = Release|Any CPU
		{46175DA8-2012-494D-9044-E2A95172EBC9}.Release|x86.Build.0 = Release|Any CPU
		{53FF31BA-E326-4BC6-B556-6926B8E4BF69}.Debug|Any CPU.ActiveCfg = Debug|Any CPU
		{53FF31BA-E326-4BC6-B556-6926B8E4BF69}.Debug|Any CPU.Build.0 = Debug|Any CPU
		{53FF31BA-E326-4BC6-B556-6926B8E4BF69}.Debug|x64.ActiveCfg = Debug|Any CPU
		{53FF31BA-E326-4BC6-B556-6926B8E4BF69}.Debug|x64.Build.0 = Debug|Any CPU
		{53FF31BA-E326-4BC6-B556-6926B8E4BF69}.Debug|x86.ActiveCfg = Debug|Any CPU
		{53FF31BA-E326-4BC6-B556-6926B8E4BF69}.Debug|x86.Build.0 = Debug|Any CPU
		{53FF31BA-E326-4BC6-B556-6926B8E4BF69}.Release|Any CPU.ActiveCfg = Release|Any CPU
		{53FF31BA-E326-4BC6-B556-6926B8E4BF69}.Release|Any CPU.Build.0 = Release|Any CPU
		{53FF31BA-E326-4BC6-B556-6926B8E4BF69}.Release|x64.ActiveCfg = Release|Any CPU
		{53FF31BA-E326-4BC6-B556-6926B8E4BF69}.Release|x64.Build.0 = Release|Any CPU
		{53FF31BA-E326-4BC6-B556-6926B8E4BF69}.Release|x86.ActiveCfg = Release|Any CPU
		{53FF31BA-E326-4BC6-B556-6926B8E4BF69}.Release|x86.Build.0 = Release|Any CPU
		{74D21D98-EDD2-4329-9A5D-FD5748C455AC}.Debug|Any CPU.ActiveCfg = Debug|Any CPU
		{74D21D98-EDD2-4329-9A5D-FD5748C455AC}.Debug|Any CPU.Build.0 = Debug|Any CPU
		{74D21D98-EDD2-4329-9A5D-FD5748C455AC}.Debug|x64.ActiveCfg = Debug|Any CPU
		{74D21D98-EDD2-4329-9A5D-FD5748C455AC}.Debug|x64.Build.0 = Debug|Any CPU
		{74D21D98-EDD2-4329-9A5D-FD5748C455AC}.Debug|x86.ActiveCfg = Debug|Any CPU
		{74D21D98-EDD2-4329-9A5D-FD5748C455AC}.Debug|x86.Build.0 = Debug|Any CPU
		{74D21D98-EDD2-4329-9A5D-FD5748C455AC}.Release|Any CPU.ActiveCfg = Release|Any CPU
		{74D21D98-EDD2-4329-9A5D-FD5748C455AC}.Release|Any CPU.Build.0 = Release|Any CPU
		{74D21D98-EDD2-4329-9A5D-FD5748C455AC}.Release|x64.ActiveCfg = Release|Any CPU
		{74D21D98-EDD2-4329-9A5D-FD5748C455AC}.Release|x64.Build.0 = Release|Any CPU
		{74D21D98-EDD2-4329-9A5D-FD5748C455AC}.Release|x86.ActiveCfg = Release|Any CPU
		{74D21D98-EDD2-4329-9A5D-FD5748C455AC}.Release|x86.Build.0 = Release|Any CPU
	EndGlobalSection
	GlobalSection(SolutionProperties) = preSolution
		HideSolutionNode = FALSE
	EndGlobalSection
	GlobalSection(NestedProjects) = preSolution
		{2E89F57E-7DB1-441F-9CB8-661B2ED05235} = {827E0CD3-B72D-47B6-A68D-7590B98EB39B}
		{EC393620-4FF7-4863-AD73-623AD87BAC3D} = {827E0CD3-B72D-47B6-A68D-7590B98EB39B}
		{DFD2EC16-0BC8-46CF-AE29-BD7B7B4E141E} = {827E0CD3-B72D-47B6-A68D-7590B98EB39B}
		{1E92C992-9064-4FD2-AE3A-5835FD4B9AC2} = {827E0CD3-B72D-47B6-A68D-7590B98EB39B}
		{5B376873-1837-4787-9C28-208E7899F89B} = {827E0CD3-B72D-47B6-A68D-7590B98EB39B}
		{0588EA8F-5C3A-45F3-8F20-3CD5C4FD2E47} = {827E0CD3-B72D-47B6-A68D-7590B98EB39B}
		{5B2BDDC7-969A-47CF-8C99-490B70B3CB45} = {827E0CD3-B72D-47B6-A68D-7590B98EB39B}
		{24D47E9F-6DB5-8468-2AED-70AAD9E5BA33} = {827E0CD3-B72D-47B6-A68D-7590B98EB39B}
		{34C56002-93D5-4744-AC98-6DEEB5C4ACDE} = {24D47E9F-6DB5-8468-2AED-70AAD9E5BA33}
		{08CBE4A1-F309-493A-8070-FF71FDD73938} = {24D47E9F-6DB5-8468-2AED-70AAD9E5BA33}
		{171DC2AC-4726-4995-B617-1AC53B24DCB1} = {24D47E9F-6DB5-8468-2AED-70AAD9E5BA33}
		{861FA923-60D2-437A-BF7C-35DF643A00BE} = {24D47E9F-6DB5-8468-2AED-70AAD9E5BA33}
		{2C0096D7-08EF-434D-9827-A5778C5ACD0F} = {827E0CD3-B72D-47B6-A68D-7590B98EB39B}
		{03D7CC0A-93A7-42B0-8538-184291B9E49E} = {827E0CD3-B72D-47B6-A68D-7590B98EB39B}
		{876464B6-A375-4259-BFB3-14F9C2F27F9B} = {827E0CD3-B72D-47B6-A68D-7590B98EB39B}
		{20586EDD-839F-4655-83E6-62E2081DBF8F} = {24D47E9F-6DB5-8468-2AED-70AAD9E5BA33}
		{336C7A96-744C-46D4-8112-15411635CA02} = {0AB3BF05-4346-4AA6-1389-037BE0695223}
		{DDEBB2C0-BAED-4138-8543-E6DD7153D1FB} = {0AB3BF05-4346-4AA6-1389-037BE0695223}
		{093904AA-369F-4CAF-9010-17FD4A96F517} = {0AB3BF05-4346-4AA6-1389-037BE0695223}
		{46175DA8-2012-494D-9044-E2A95172EBC9} = {24D47E9F-6DB5-8468-2AED-70AAD9E5BA33}
		{53FF31BA-E326-4BC6-B556-6926B8E4BF69} = {0AB3BF05-4346-4AA6-1389-037BE0695223}
		{74D21D98-EDD2-4329-9A5D-FD5748C455AC} = {0AB3BF05-4346-4AA6-1389-037BE0695223}
	EndGlobalSection
EndGlobal
